Microsoft Visual Studio Solution File, Format Version 12.00
# Visual Studio Version 17
VisualStudioVersion = 17.5.2.0
MinimumVisualStudioVersion = 10.0.40219.1
Project("{FAE04EC0-301F-11D3-BF4B-00C04F79EFBC}") = "nexepi-api", "nexepi-api\nexepi-api.csproj", "{C3F664F8-9783-5E81-FDEF-65E8E42A5690}"
EndProject
Global
	GlobalSection(SolutionConfigurationPlatforms) = preSolution
		Debug|Any CPU = Debug|Any CPU
		Release|Any CPU = Release|Any CPU
	EndGlobalSection
	GlobalSection(ProjectConfigurationPlatforms) = postSolution
		{C3F664F8-9783-5E81-FDEF-65E8E42A5690}.Debug|Any CPU.ActiveCfg = Debug|Any CPU
		{C3F664F8-9783-5E81-FDEF-65E8E42A5690}.Debug|Any CPU.Build.0 = Debug|Any CPU
		{C3F664F8-9783-5E81-FDEF-65E8E42A5690}.Release|Any CPU.ActiveCfg = Release|Any CPU
		{C3F664F8-9783-5E81-FDEF-65E8E42A5690}.Release|Any CPU.Build.0 = Release|Any CPU
	EndGlobalSection
	GlobalSection(SolutionProperties) = preSolution
		HideSolutionNode = FALSE
	EndGlobalSection
	GlobalSection(ExtensibilityGlobals) = postSolution
		SolutionGuid = {EF2B6F6E-819A-45C7-9A00-CEA8284BDA1A}
	EndGlobalSection
EndGlobal
